
Microsoft Visual Studio Solution File, Format Version 12.00
# Visual Studio Version 17
VisualStudioVersion = 17.14.36301.6
MinimumVisualStudioVersion = 10.0.40219.1
Project("{FAE04EC0-301F-11D3-BF4B-00C04F79EFBC}") = "wasmbrowser", "wasmbrowser\wasmbrowser.csproj", "{E9FD6AF6-F026-369D-1AC5-CB7DA87F5B45}"
EndProject
Project("{54A90642-561A-4BB1-A94E-469ADEE60C69}") = "TestHarness", "wasm-ui\TestHarness.esproj", "{28FA6784-7C15-5EFE-AC59-FB4CC9837E19}"
EndProject
Global
	GlobalSection(SolutionConfigurationPlatforms) = preSolution
		Debug|Any CPU = Debug|Any CPU
		Release|Any CPU = Release|Any CPU
	EndGlobalSection
	GlobalSection(ProjectConfigurationPlatforms) = postSolution
		{E9FD6AF6-F026-369D-1AC5-CB7DA87F5B45}.Debug|Any CPU.ActiveCfg = Debug|Any CPU
		{E9FD6AF6-F026-369D-1AC5-CB7DA87F5B45}.Debug|Any CPU.Build.0 = Debug|Any CPU
		{E9FD6AF6-F026-369D-1AC5-CB7DA87F5B45}.Release|Any CPU.ActiveCfg = Release|Any CPU
		{E9FD6AF6-F026-369D-1AC5-CB7DA87F5B45}.Release|Any CPU.Build.0 = Release|Any CPU
		{28FA6784-7C15-5EFE-AC59-FB4CC9837E19}.Debug|Any CPU.ActiveCfg = Debug|Any CPU
		{28FA6784-7C15-5EFE-AC59-FB4CC9837E19}.Debug|Any CPU.Build.0 = Debug|Any CPU
		{28FA6784-7C15-5EFE-AC59-FB4CC9837E19}.Debug|Any CPU.Deploy.0 = Debug|Any CPU
		{28FA6784-7C15-5EFE-AC59-FB4CC9837E19}.Release|Any CPU.ActiveCfg = Release|Any CPU
		{28FA6784-7C15-5EFE-AC59-FB4CC9837E19}.Release|Any CPU.Build.0 = Release|Any CPU
		{28FA6784-7C15-5EFE-AC59-FB4CC9837E19}.Release|Any CPU.Deploy.0 = Release|Any CPU
	EndGlobalSection
	GlobalSection(SolutionProperties) = preSolution
		HideSolutionNode = FALSE
	EndGlobalSection
	GlobalSection(ExtensibilityGlobals) = postSolution
		SolutionGuid = {109026F5-6978-454C-BE3C-509AC8045C81}
	EndGlobalSection
EndGlobal
